
Microsoft Visual Studio Solution File, Format Version 12.00
# Visual Studio Version 16
VisualStudioVersion = 16.0.31424.327
MinimumVisualStudioVersion = 10.0.40219.1
Project("{9A19103F-16F7-4668-BE54-9A1E7A4F7556}") = "RestAPI", "RestAPI\RestAPI.csproj", "{E2C5DFA8-3307-435B-B75E-70AB9ADC4229}"
EndProject
Project("{9A19103F-16F7-4668-BE54-9A1E7A4F7556}") = "Persistence", "Persistence\Persistence.csproj", "{A744B6BB-4CC3-4B4C-BCC4-718EBD4C0623}"
EndProject
Project("{9A19103F-16F7-4668-BE54-9A1E7A4F7556}") = "Contracts", "Contracts\Contracts.csproj", "{9959301F-DA49-470B-B471-8FAD6F5721F1}"
EndProject
Global
	GlobalSection(SolutionConfigurationPlatforms) = preSolution
		Debug|Any CPU = Debug|Any CPU
		Release|Any CPU = Release|Any CPU
	EndGlobalSection
	GlobalSection(ProjectConfigurationPlatforms) = postSolution
		{E2C5DFA8-3307-435B-B75E-70AB9ADC4229}.Debug|Any CPU.ActiveCfg = Debug|Any CPU
		{E2C5DFA8-3307-435B-B75E-70AB9ADC4229}.Debug|Any CPU.Build.0 = Debug|Any CPU
		{E2C5DFA8-3307-435B-B75E-70AB9ADC4229}.Release|Any CPU.ActiveCfg = Release|Any CPU
		{E2C5DFA8-3307-435B-B75E-70AB9ADC4229}.Release|Any CPU.Build.0 = Release|Any CPU
		{A744B6BB-4CC3-4B4C-BCC4-718EBD4C0623}.Debug|Any CPU.ActiveCfg = Debug|Any CPU
		{A744B6BB-4CC3-4B4C-BCC4-718EBD4C0623}.Debug|Any CPU.Build.0 = Debug|Any CPU
		{A744B6BB-4CC3-4B4C-BCC4-718EBD4C0623}.Release|Any CPU.ActiveCfg = Release|Any CPU
		{A744B6BB-4CC3-4B4C-BCC4-718EBD4C0623}.Release|Any CPU.Build.0 = Release|Any CPU
		{9959301F-DA49-470B-B471-8FAD6F5721F1}.Debug|Any CPU.ActiveCfg = Debug|Any CPU
		{9959301F-DA49-470B-B471-8FAD6F5721F1}.Debug|Any CPU.Build.0 = Debug|Any CPU
		{9959301F-DA49-470B-B471-8FAD6F5721F1}.Release|Any CPU.ActiveCfg = Release|Any CPU
		{9959301F-DA49-470B-B471-8FAD6F5721F1}.Release|Any CPU.Build.0 = Release|Any CPU
	EndGlobalSection
	GlobalSection(SolutionProperties) = preSolution
		HideSolutionNode = FALSE
	EndGlobalSection
	GlobalSection(ExtensibilityGlobals) = postSolution
		SolutionGuid = {C5A7F287-59F0-4CF9-B28E-F410831FF527}
	EndGlobalSection
EndGlobal
